
Microsoft Visual Studio Solution File, Format Version 12.00
# Visual Studio Version 16
VisualStudioVersion = 16.0.30607.51
MinimumVisualStudioVersion = 10.0.40219.1
Project("{9A19103F-16F7-4668-BE54-9A1E7A4F7556}") = "PluralsightCourseLib.API", "PluralsightCourseLib.API\PluralsightCourseLib.API.csproj", "{9972D919-7516-4A64-A643-1D361E493799}"
EndProject
Project("{FAE04EC0-301F-11D3-BF4B-00C04F79EFBC}") = "testlib", "testlib\testlib.csproj", "{99BB12E8-BE1F-43BB-81BC-40F4A0380610}"
EndProject
Global
	GlobalSection(SolutionConfigurationPlatforms) = preSolution
		Debug|Any CPU = Debug|Any CPU
		Release|Any CPU = Release|Any CPU
	EndGlobalSection
	GlobalSection(ProjectConfigurationPlatforms) = postSolution
		{9972D919-7516-4A64-A643-1D361E493799}.Debug|Any CPU.ActiveCfg = Debug|Any CPU
		{9972D919-7516-4A64-A643-1D361E493799}.Debug|Any CPU.Build.0 = Debug|Any CPU
		{9972D919-7516-4A64-A643-1D361E493799}.Release|Any CPU.ActiveCfg = Release|Any CPU
		{9972D919-7516-4A64-A643-1D361E493799}.Release|Any CPU.Build.0 = Release|Any CPU
		{99BB12E8-BE1F-43BB-81BC-40F4A0380610}.Debug|Any CPU.ActiveCfg = Debug|Any CPU
		{99BB12E8-BE1F-43BB-81BC-40F4A0380610}.Debug|Any CPU.Build.0 = Debug|Any CPU
		{99BB12E8-BE1F-43BB-81BC-40F4A0380610}.Release|Any CPU.ActiveCfg = Release|Any CPU
		{99BB12E8-BE1F-43BB-81BC-40F4A0380610}.Release|Any CPU.Build.0 = Release|Any CPU
	EndGlobalSection
	GlobalSection(SolutionProperties) = preSolution
		HideSolutionNode = FALSE
	EndGlobalSection
	GlobalSection(ExtensibilityGlobals) = postSolution
		SolutionGuid = {6F803DB5-145C-4073-8BBA-25C33EEE9686}
	EndGlobalSection
EndGlobal
